
Microsoft Visual Studio Solution File, Format Version 12.00
# Visual Studio Version 17
VisualStudioVersion = 17.10.35013.160
MinimumVisualStudioVersion = 10.0.40219.1
Project("{D2ABAB84-BF74-430A-B69E-9DC6D40DDA17}") = "MultidimensionalProject", "MultidimensionalProject\MultidimensionalProject.dwproj", "{40D314D5-F992-4D26-BC4B-9431C2658CC1}"
EndProject
Global
	GlobalSection(SolutionConfigurationPlatforms) = preSolution
		Development|Default = Development|Default
	EndGlobalSection
	GlobalSection(ProjectConfigurationPlatforms) = postSolution
		{40D314D5-F992-4D26-BC4B-9431C2658CC1}.Development|Default.ActiveCfg = Development
		{40D314D5-F992-4D26-BC4B-9431C2658CC1}.Development|Default.Build.0 = Development
		{40D314D5-F992-4D26-BC4B-9431C2658CC1}.Development|Default.Deploy.0 = Development
	EndGlobalSection
	GlobalSection(SolutionProperties) = preSolution
		HideSolutionNode = FALSE
	EndGlobalSection
	GlobalSection(ExtensibilityGlobals) = postSolution
		SolutionGuid = {4FB9D34F-2755-4FF2-A5E3-E7B347E34C88}
	EndGlobalSection
EndGlobal
